
Microsoft Visual Studio Solution File, Format Version 12.00
# Visual Studio Version 17
VisualStudioVersion = 17.0.32002.185
MinimumVisualStudioVersion = 10.0.40219.1
Project("{FAE04EC0-301F-11D3-BF4B-00C04F79EFBC}") = "MichelMichels.QuestPDF.LineBug", "MichelMichels.QuestPDF.LineBug\MichelMichels.QuestPDF.LineBug.csproj", "{070C4A90-4D42-495A-AA06-41F154E0CC68}"
EndProject
Global
	GlobalSection(SolutionConfigurationPlatforms) = preSolution
		Debug|Any CPU = Debug|Any CPU
		Release|Any CPU = Release|Any CPU
	EndGlobalSection
	GlobalSection(ProjectConfigurationPlatforms) = postSolution
		{070C4A90-4D42-495A-AA06-41F154E0CC68}.Debug|Any CPU.ActiveCfg = Debug|Any CPU
		{070C4A90-4D42-495A-AA06-41F154E0CC68}.Debug|Any CPU.Build.0 = Debug|Any CPU
		{070C4A90-4D42-495A-AA06-41F154E0CC68}.Release|Any CPU.ActiveCfg = Release|Any CPU
		{070C4A90-4D42-495A-AA06-41F154E0CC68}.Release|Any CPU.Build.0 = Release|Any CPU
	EndGlobalSection
	GlobalSection(SolutionProperties) = preSolution
		HideSolutionNode = FALSE
	EndGlobalSection
	GlobalSection(ExtensibilityGlobals) = postSolution
		SolutionGuid = {EA7BBF87-6AD1-4078-ACF5-3E09D730A61F}
	EndGlobalSection
EndGlobal
